
Microsoft Visual Studio Solution File, Format Version 12.00
# Visual Studio Version 17
VisualStudioVersion = 17.9.34616.47
MinimumVisualStudioVersion = 10.0.40219.1
Project("{FAE04EC0-301F-11D3-BF4B-00C04F79EFBC}") = "Lab02", "Lab02\Lab02.csproj", "{FF579E90-D474-43E2-9D87-EA663B01BDD3}"
EndProject
Global
	GlobalSection(SolutionConfigurationPlatforms) = preSolution
		Debug|Any CPU = Debug|Any CPU
		Release|Any CPU = Release|Any CPU
	EndGlobalSection
	GlobalSection(ProjectConfigurationPlatforms) = postSolution
		{FF579E90-D474-43E2-9D87-EA663B01BDD3}.Debug|Any CPU.ActiveCfg = Debug|Any CPU
		{FF579E90-D474-43E2-9D87-EA663B01BDD3}.Debug|Any CPU.Build.0 = Debug|Any CPU
		{FF579E90-D474-43E2-9D87-EA663B01BDD3}.Release|Any CPU.ActiveCfg = Release|Any CPU
		{FF579E90-D474-43E2-9D87-EA663B01BDD3}.Release|Any CPU.Build.0 = Release|Any CPU
	EndGlobalSection
	GlobalSection(SolutionProperties) = preSolution
		HideSolutionNode = FALSE
	EndGlobalSection
	GlobalSection(ExtensibilityGlobals) = postSolution
		SolutionGuid = {E62E7B7C-C881-4BFF-AEFE-764227584255}
	EndGlobalSection
EndGlobal
